
Microsoft Visual Studio Solution File, Format Version 12.00
Project("{2150E333-8FDC-42A3-9474-1A3956D46DE8}") = "by Remigiusz Zalewski", "by Remigiusz Zalewski", "{C44EDD5A-2139-47EF-935D-12201084B3D2}"
EndProject
Project("{FAE04EC0-301F-11D3-BF4B-00C04F79EFBC}") = "RemigiuszZalewski.MemoryCache", "RemigiuszZalewski.MemoryCache\RemigiuszZalewski.MemoryCache.csproj", "{16218B22-E2FF-494E-B15B-187E3B1BB001}"
EndProject
Project("{2150E333-8FDC-42A3-9474-1A3956D46DE8}") = "by Nick Chapsas", "by Nick Chapsas", "{62D08F3D-63F3-45A9-B270-7185BD932660}"
EndProject
Project("{2150E333-8FDC-42A3-9474-1A3956D46DE8}") = "by Jannick Leismann", "by Jannick Leismann", "{AA22B6D9-2FFA-46BF-A7EF-A82E8A819AEB}"
EndProject
Project("{FAE04EC0-301F-11D3-BF4B-00C04F79EFBC}") = "JannickLeismann.MemoryCache", "JannickLeismann.MemoryCache\JannickLeismann.MemoryCache.csproj", "{5683F29B-D1C7-432D-A3B4-594570A52C58}"
EndProject
Project("{FAE04EC0-301F-11D3-BF4B-00C04F79EFBC}") = "NickChapsas.MemoryCache.Issue", "NickChapsas.MemoryCache.Issue\NickChapsas.MemoryCache.Issue.csproj", "{943A5818-1CF4-479A-85F3-0FE75C0DA013}"
EndProject
Project("{FAE04EC0-301F-11D3-BF4B-00C04F79EFBC}") = "NickChapsas.MemoryCache.LazyCache", "NickChapsas.MemoryCache.LazyCache\NickChapsas.MemoryCache.LazyCache.csproj", "{5261627A-1559-4B01-9104-4DB62514DFF5}"
EndProject
Project("{2150E333-8FDC-42A3-9474-1A3956D46DE8}") = "by Milan Jovanovich", "by Milan Jovanovich", "{6FB02AA2-CE84-4419-B9E2-ED1507E943C3}"
EndProject
Project("{FAE04EC0-301F-11D3-BF4B-00C04F79EFBC}") = "MilanJovanovich.MemoryCache", "MilanJovanovich.MemoryCache\MilanJovanovich.MemoryCache.csproj", "{E6A89EB5-B116-4264-90E8-A0802C006F36}"
EndProject
Project("{FAE04EC0-301F-11D3-BF4B-00C04F79EFBC}") = "MilanJovanovich.DistributedCache.Api.A", "MilanJovanovich.DistributedCache.Api.A\MilanJovanovich.DistributedCache.Api.A.csproj", "{1D368907-C961-475A-96A6-8D58E3B45C07}"
EndProject
Project("{FAE04EC0-301F-11D3-BF4B-00C04F79EFBC}") = "MilanJovanovich.DistributedCache.Api.B", "MilanJovanovich.DistributedCache.Api.B\MilanJovanovich.DistributedCache.Api.B.csproj", "{8D14C255-335F-4C22-ACBC-A4BF4E9FAD79}"
EndProject
Project("{FAE04EC0-301F-11D3-BF4B-00C04F79EFBC}") = "MilanJovanovich.DistributedCache.Core", "MilanJovanovich.DistributedCache.Core\MilanJovanovich.DistributedCache.Core.csproj", "{92FFF5FF-6188-4971-999B-E9F1D3F9F1D6}"
EndProject
Project("{2150E333-8FDC-42A3-9474-1A3956D46DE8}") = "by Tim Corey", "by Tim Corey", "{862178A0-0681-45C7-ADF9-905660FF2059}"
EndProject
Project("{FAE04EC0-301F-11D3-BF4B-00C04F79EFBC}") = "TimCorey.DistributedCache", "TimCorey.DistributedCache\TimCorey.DistributedCache.csproj", "{61CA96DD-4E68-41B9-8653-4D45969D1885}"
EndProject
Project("{FAE04EC0-301F-11D3-BF4B-00C04F79EFBC}") = "NickChapsas.DistributedCache.Advanced", "NickChapsas.DistributedCache.Advanced\NickChapsas.DistributedCache.Advanced.csproj", "{3808E97D-D4F1-4DE6-9518-2D43641C836F}"
EndProject
Project("{FAE04EC0-301F-11D3-BF4B-00C04F79EFBC}") = "NickChapsas.AppLevelCache.OutputCache", "NickChapsas.AppLevelCache.OutputCache\NickChapsas.AppLevelCache.OutputCache.csproj", "{BF348176-BE2E-470A-8AAC-69DF9C21EFC0}"
EndProject
Project("{FAE04EC0-301F-11D3-BF4B-00C04F79EFBC}") = "NickChapsas.AppLevelCache.OutputCache.Redis", "NickChapsas.AppLevelCache.OutputCache.Redis\NickChapsas.AppLevelCache.OutputCache.Redis.csproj", "{00EFEF7B-ABBF-475E-AC93-75A149905F6C}"
EndProject
Project("{2150E333-8FDC-42A3-9474-1A3956D46DE8}") = "by Anton Wieslander", "by Anton Wieslander", "{1CADEDB2-7492-42B6-A15C-4C926286277F}"
EndProject
Project("{FAE04EC0-301F-11D3-BF4B-00C04F79EFBC}") = "AntonWieslander.CachingStrategies", "AntonWieslander.CachingStrategies\AntonWieslander.CachingStrategies.csproj", "{11065996-C176-4CEA-BBD1-1A6D8E5041ED}"
EndProject
Global
	GlobalSection(SolutionConfigurationPlatforms) = preSolution
		Debug|Any CPU = Debug|Any CPU
		Release|Any CPU = Release|Any CPU
	EndGlobalSection
	GlobalSection(ProjectConfigurationPlatforms) = postSolution
		{16218B22-E2FF-494E-B15B-187E3B1BB001}.Debug|Any CPU.ActiveCfg = Debug|Any CPU
		{16218B22-E2FF-494E-B15B-187E3B1BB001}.Debug|Any CPU.Build.0 = Debug|Any CPU
		{16218B22-E2FF-494E-B15B-187E3B1BB001}.Release|Any CPU.ActiveCfg = Release|Any CPU
		{16218B22-E2FF-494E-B15B-187E3B1BB001}.Release|Any CPU.Build.0 = Release|Any CPU
		{5683F29B-D1C7-432D-A3B4-594570A52C58}.Debug|Any CPU.ActiveCfg = Debug|Any CPU
		{5683F29B-D1C7-432D-A3B4-594570A52C58}.Debug|Any CPU.Build.0 = Debug|Any CPU
		{5683F29B-D1C7-432D-A3B4-594570A52C58}.Release|Any CPU.ActiveCfg = Release|Any CPU
		{5683F29B-D1C7-432D-A3B4-594570A52C58}.Release|Any CPU.Build.0 = Release|Any CPU
		{943A5818-1CF4-479A-85F3-0FE75C0DA013}.Debug|Any CPU.ActiveCfg = Debug|Any CPU
		{943A5818-1CF4-479A-85F3-0FE75C0DA013}.Debug|Any CPU.Build.0 = Debug|Any CPU
		{943A5818-1CF4-479A-85F3-0FE75C0DA013}.Release|Any CPU.ActiveCfg = Release|Any CPU
		{943A5818-1CF4-479A-85F3-0FE75C0DA013}.Release|Any CPU.Build.0 = Release|Any CPU
		{5261627A-1559-4B01-9104-4DB62514DFF5}.Debug|Any CPU.ActiveCfg = Debug|Any CPU
		{5261627A-1559-4B01-9104-4DB62514DFF5}.Debug|Any CPU.Build.0 = Debug|Any CPU
		{5261627A-1559-4B01-9104-4DB62514DFF5}.Release|Any CPU.ActiveCfg = Release|Any CPU
		{5261627A-1559-4B01-9104-4DB62514DFF5}.Release|Any CPU.Build.0 = Release|Any CPU
		{E6A89EB5-B116-4264-90E8-A0802C006F36}.Debug|Any CPU.ActiveCfg = Debug|Any CPU
		{E6A89EB5-B116-4264-90E8-A0802C006F36}.Debug|Any CPU.Build.0 = Debug|Any CPU
		{E6A89EB5-B116-4264-90E8-A0802C006F36}.Release|Any CPU.ActiveCfg = Release|Any CPU
		{E6A89EB5-B116-4264-90E8-A0802C006F36}.Release|Any CPU.Build.0 = Release|Any CPU
		{1D368907-C961-475A-96A6-8D58E3B45C07}.Debug|Any CPU.ActiveCfg = Debug|Any CPU
		{1D368907-C961-475A-96A6-8D58E3B45C07}.Debug|Any CPU.Build.0 = Debug|Any CPU
		{1D368907-C961-475A-96A6-8D58E3B45C07}.Release|Any CPU.ActiveCfg = Release|Any CPU
		{1D368907-C961-475A-96A6-8D58E3B45C07}.Release|Any CPU.Build.0 = Release|Any CPU
		{8D14C255-335F-4C22-ACBC-A4BF4E9FAD79}.Debug|Any CPU.ActiveCfg = Debug|Any CPU
		{8D14C255-335F-4C22-ACBC-A4BF4E9FAD79}.Debug|Any CPU.Build.0 = Debug|Any CPU
		{8D14C255-335F-4C22-ACBC-A4BF4E9FAD79}.Release|Any CPU.ActiveCfg = Release|Any CPU
		{8D14C255-335F-4C22-ACBC-A4BF4E9FAD79}.Release|Any CPU.Build.0 = Release|Any CPU
		{92FFF5FF-6188-4971-999B-E9F1D3F9F1D6}.Debug|Any CPU.ActiveCfg = Debug|Any CPU
		{92FFF5FF-6188-4971-999B-E9F1D3F9F1D6}.Debug|Any CPU.Build.0 = Debug|Any CPU
		{92FFF5FF-6188-4971-999B-E9F1D3F9F1D6}.Release|Any CPU.ActiveCfg = Release|Any CPU
		{92FFF5FF-6188-4971-999B-E9F1D3F9F1D6}.Release|Any CPU.Build.0 = Release|Any CPU
		{61CA96DD-4E68-41B9-8653-4D45969D1885}.Debug|Any CPU.ActiveCfg = Debug|Any CPU
		{61CA96DD-4E68-41B9-8653-4D45969D1885}.Debug|Any CPU.Build.0 = Debug|Any CPU
		{61CA96DD-4E68-41B9-8653-4D45969D1885}.Release|Any CPU.ActiveCfg = Release|Any CPU
		{61CA96DD-4E68-41B9-8653-4D45969D1885}.Release|Any CPU.Build.0 = Release|Any CPU
		{3808E97D-D4F1-4DE6-9518-2D43641C836F}.Debug|Any CPU.ActiveCfg = Debug|Any CPU
		{3808E97D-D4F1-4DE6-9518-2D43641C836F}.Debug|Any CPU.Build.0 = Debug|Any CPU
		{3808E97D-D4F1-4DE6-9518-2D43641C836F}.Release|Any CPU.ActiveCfg = Release|Any CPU
		{3808E97D-D4F1-4DE6-9518-2D43641C836F}.Release|Any CPU.Build.0 = Release|Any CPU
		{BF348176-BE2E-470A-8AAC-69DF9C21EFC0}.Debug|Any CPU.ActiveCfg = Debug|Any CPU
		{BF348176-BE2E-470A-8AAC-69DF9C21EFC0}.Debug|Any CPU.Build.0 = Debug|Any CPU
		{BF348176-BE2E-470A-8AAC-69DF9C21EFC0}.Release|Any CPU.ActiveCfg = Release|Any CPU
		{BF348176-BE2E-470A-8AAC-69DF9C21EFC0}.Release|Any CPU.Build.0 = Release|Any CPU
		{00EFEF7B-ABBF-475E-AC93-75A149905F6C}.Debug|Any CPU.ActiveCfg = Debug|Any CPU
		{00EFEF7B-ABBF-475E-AC93-75A149905F6C}.Debug|Any CPU.Build.0 = Debug|Any CPU
		{00EFEF7B-ABBF-475E-AC93-75A149905F6C}.Release|Any CPU.ActiveCfg = Release|Any CPU
		{00EFEF7B-ABBF-475E-AC93-75A149905F6C}.Release|Any CPU.Build.0 = Release|Any CPU
		{11065996-C176-4CEA-BBD1-1A6D8E5041ED}.Debug|Any CPU.ActiveCfg = Debug|Any CPU
		{11065996-C176-4CEA-BBD1-1A6D8E5041ED}.Debug|Any CPU.Build.0 = Debug|Any CPU
		{11065996-C176-4CEA-BBD1-1A6D8E5041ED}.Release|Any CPU.ActiveCfg = Release|Any CPU
		{11065996-C176-4CEA-BBD1-1A6D8E5041ED}.Release|Any CPU.Build.0 = Release|Any CPU
	EndGlobalSection
	GlobalSection(NestedProjects) = preSolution
		{16218B22-E2FF-494E-B15B-187E3B1BB001} = {C44EDD5A-2139-47EF-935D-12201084B3D2}
		{5683F29B-D1C7-432D-A3B4-594570A52C58} = {AA22B6D9-2FFA-46BF-A7EF-A82E8A819AEB}
		{943A5818-1CF4-479A-85F3-0FE75C0DA013} = {62D08F3D-63F3-45A9-B270-7185BD932660}
		{5261627A-1559-4B01-9104-4DB62514DFF5} = {62D08F3D-63F3-45A9-B270-7185BD932660}
		{E6A89EB5-B116-4264-90E8-A0802C006F36} = {6FB02AA2-CE84-4419-B9E2-ED1507E943C3}
		{1D368907-C961-475A-96A6-8D58E3B45C07} = {6FB02AA2-CE84-4419-B9E2-ED1507E943C3}
		{8D14C255-335F-4C22-ACBC-A4BF4E9FAD79} = {6FB02AA2-CE84-4419-B9E2-ED1507E943C3}
		{92FFF5FF-6188-4971-999B-E9F1D3F9F1D6} = {6FB02AA2-CE84-4419-B9E2-ED1507E943C3}
		{61CA96DD-4E68-41B9-8653-4D45969D1885} = {862178A0-0681-45C7-ADF9-905660FF2059}
		{3808E97D-D4F1-4DE6-9518-2D43641C836F} = {62D08F3D-63F3-45A9-B270-7185BD932660}
		{BF348176-BE2E-470A-8AAC-69DF9C21EFC0} = {62D08F3D-63F3-45A9-B270-7185BD932660}
		{00EFEF7B-ABBF-475E-AC93-75A149905F6C} = {62D08F3D-63F3-45A9-B270-7185BD932660}
		{11065996-C176-4CEA-BBD1-1A6D8E5041ED} = {1CADEDB2-7492-42B6-A15C-4C926286277F}
	EndGlobalSection
EndGlobal
